// !$*UTF8*$!
{
	archiveVersion = 1;
	classes = {
	};
	objectVersion = 77;
	objects = {

/* Begin PBXBuildFile section */
		30D51FE32E43C32600B8EDC4 /* RealmSwift in Frameworks */ = {isa = PBXBuildFile; productRef = 30D51FE22E43C32600B8EDC4 /* RealmSwift */; };
		30D51FE42E43C32600B8EDC4 /* RealmSwift in Embed Frameworks */ = {isa = PBXBuildFile; productRef = 30D51FE22E43C32600B8EDC4 /* RealmSwift */; settings = {ATTRIBUTES = (CodeSignOnCopy, ); }; };
/* End PBXBuildFile section */

/* Begin PBXContainerItemProxy section */
		30EF95232E42840A00096122 /* PBXContainerItemProxy */ = {
			isa = PBXContainerItemProxy;
			containerPortal = 30EF950D2E42840800096122 /* Project object */;
			proxyType = 1;
			remoteGlobalIDString = 30EF95142E42840800096122;
			remoteInfo = LincRideAssessment;
		};
		30EF952D2E42840A00096122 /* PBXContainerItemProxy */ = {
			isa = PBXContainerItemProxy;
			containerPortal = 30EF950D2E42840800096122 /* Project object */;
			proxyType = 1;
			remoteGlobalIDString = 30EF95142E42840800096122;
			remoteInfo = LincRideAssessment;
		};
/* End PBXContainerItemProxy section */

/* Begin PBXCopyFilesBuildPhase section */
		30EF955E2E43490E00096122 /* Embed Frameworks */ = {
			isa = PBXCopyFilesBuildPhase;
			buildActionMask = 2147483647;
			dstPath = "";
			dstSubfolderSpec = 10;
			files = (
				30D51FE42E43C32600B8EDC4 /* RealmSwift in Embed Frameworks */,
			);
			name = "Embed Frameworks";
			runOnlyForDeploymentPostprocessing = 0;
		};
/* End PBXCopyFilesBuildPhase section */

/* Begin PBXFileReference section */
		30EF95152E42840800096122 /* LincRideAssessment.app */ = {isa = PBXFileReference; explicitFileType = wrapper.application; includeInIndex = 0; path = LincRideAssessment.app; sourceTree = BUILT_PRODUCTS_DIR; };
		30EF95222E42840A00096122 /* LincRideAssessmentTests.xctest */ = {isa = PBXFileReference; explicitFileType = wrapper.cfbundle; includeInIndex = 0; path = LincRideAssessmentTests.xctest; sourceTree = BUILT_PRODUCTS_DIR; };
		30EF952C2E42840A00096122 /* LincRideAssessmentUITests.xctest */ = {isa = PBXFileReference; explicitFileType = wrapper.cfbundle; includeInIndex = 0; path = LincRideAssessmentUITests.xctest; sourceTree = BUILT_PRODUCTS_DIR; };
/* End PBXFileReference section */

/* Begin PBXFileSystemSynchronizedBuildFileExceptionSet section */
		30D520022E44AE9300B8EDC4 /* Exceptions for "LincRideAssessment" folder in "LincRideAssessment" target */ = {
			isa = PBXFileSystemSynchronizedBuildFileExceptionSet;
			membershipExceptions = (
				Info.plist,
			);
			target = 30EF95142E42840800096122 /* LincRideAssessment */;
		};
		30D520162E44C5D300B8EDC4 /* Exceptions for "LincRideAssessmentTests" folder in "LincRideAssessment" target */ = {
			isa = PBXFileSystemSynchronizedBuildFileExceptionSet;
			membershipExceptions = (
				MockSearchService.swift,
			);
			target = 30EF95142E42840800096122 /* LincRideAssessment */;
		};
		30D520172E44C5D300B8EDC4 /* Exceptions for "LincRideAssessmentTests" folder in "LincRideAssessmentTests" target */ = {
			isa = PBXFileSystemSynchronizedBuildFileExceptionSet;
			membershipExceptions = (
				MockSearchService.swift,
			);
			target = 30EF95212E42840A00096122 /* LincRideAssessmentTests */;
		};
/* End PBXFileSystemSynchronizedBuildFileExceptionSet section */

/* Begin PBXFileSystemSynchronizedRootGroup section */
		30EF95172E42840800096122 /* LincRideAssessment */ = {
			isa = PBXFileSystemSynchronizedRootGroup;
			exceptions = (
				30D520022E44AE9300B8EDC4 /* Exceptions for "LincRideAssessment" folder in "LincRideAssessment" target */,
			);
			path = LincRideAssessment;
			sourceTree = "<group>";
		};
		30EF95252E42840A00096122 /* LincRideAssessmentTests */ = {
			isa = PBXFileSystemSynchronizedRootGroup;
			exceptions = (
				30D520162E44C5D300B8EDC4 /* Exceptions for "LincRideAssessmentTests" folder in "LincRideAssessment" target */,
				30D520172E44C5D300B8EDC4 /* Exceptions for "LincRideAssessmentTests" folder in "LincRideAssessmentTests" target */,
			);
			path = LincRideAssessmentTests;
			sourceTree = "<group>";
		};
		30EF952F2E42840A00096122 /* LincRideAssessmentUITests */ = {
			isa = PBXFileSystemSynchronizedRootGroup;
			path = LincRideAssessmentUITests;
			sourceTree = "<group>";
		};
/* End PBXFileSystemSynchronizedRootGroup section */

/* Begin PBXFrameworksBuildPhase section */
		30EF95122E42840800096122 /* Frameworks */ = {
			isa = PBXFrameworksBuildPhase;
			buildActionMask = 2147483647;
			files = (
				30D51FE32E43C32600B8EDC4 /* RealmSwift in Frameworks */,
			);
			runOnlyForDeploymentPostprocessing = 0;
		};
		30EF951F2E42840A00096122 /* Frameworks */ = {
			isa = PBXFrameworksBuildPhase;
			buildActionMask = 2147483647;
			files = (
			);
			runOnlyForDeploymentPostprocessing = 0;
		};
		30EF95292E42840A00096122 /* Frameworks */ = {
			isa = PBXFrameworksBuildPhase;
			buildActionMask = 2147483647;
			files = (
			);
			runOnlyForDeploymentPostprocessing = 0;
		};
/* End PBXFrameworksBuildPhase section */

/* Begin PBXGroup section */
		30EF950C2E42840800096122 = {
			isa = PBXGroup;
			children = (
				30EF95172E42840800096122 /* LincRideAssessment */,
				30EF95252E42840A00096122 /* LincRideAssessmentTests */,
				30EF952F2E42840A00096122 /* LincRideAssessmentUITests */,
				30EF955B2E43490E00096122 /* Frameworks */,
				30EF95162E42840800096122 /* Products */,
			);
			sourceTree = "<group>";
		};
		30EF95162E42840800096122 /* Products */ = {
			isa = PBXGroup;
			children = (
				30EF95152E42840800096122 /* LincRideAssessment.app */,
				30EF95222E42840A00096122 /* LincRideAssessmentTests.xctest */,
				30EF952C2E42840A00096122 /* LincRideAssessmentUITests.xctest */,
			);
			name = Products;
			sourceTree = "<group>";
		};
		30EF955B2E43490E00096122 /* Frameworks */ = {
			isa = PBXGroup;
			children = (
			);
			name = Frameworks;
			sourceTree = "<group>";
		};
/* End PBXGroup section */

/* Begin PBXNativeTarget section */
		30EF95142E42840800096122 /* LincRideAssessment */ = {
			isa = PBXNativeTarget;
			buildConfigurationList = 30EF95362E42840A00096122 /* Build configuration list for PBXNativeTarget "LincRideAssessment" */;
			buildPhases = (
				30EF95112E42840800096122 /* Sources */,
				30EF95122E42840800096122 /* Frameworks */,
				30EF95132E42840800096122 /* Resources */,
				30EF955E2E43490E00096122 /* Embed Frameworks */,
			);
			buildRules = (
			);
			dependencies = (
			);
			fileSystemSynchronizedGroups = (
				30EF95172E42840800096122 /* LincRideAssessment */,
			);
			name = LincRideAssessment;
			packageProductDependencies = (
				30D51FE22E43C32600B8EDC4 /* RealmSwift */,
			);
			productName = LincRideAssessment;
			productReference = 30EF95152E42840800096122 /* LincRideAssessment.app */;
			productType = "com.apple.product-type.application";
		};
		30EF95212E42840A00096122 /* LincRideAssessmentTests */ = {
			isa = PBXNativeTarget;
			buildConfigurationList = 30EF95392E42840A00096122 /* Build configuration list for PBXNativeTarget "LincRideAssessmentTests" */;
			buildPhases = (
				30EF951E2E42840A00096122 /* Sources */,
				30EF951F2E42840A00096122 /* Frameworks */,
				30EF95202E42840A00096122 /* Resources */,
			);
			buildRules = (
			);
			dependencies = (
				30EF95242E42840A00096122 /* PBXTargetDependency */,
			);
			fileSystemSynchronizedGroups = (
				30EF95252E42840A00096122 /* LincRideAssessmentTests */,
			);
			name = LincRideAssessmentTests;
			packageProductDependencies = (
			);
			productName = LincRideAssessmentTests;
			productReference = 30EF95222E42840A00096122 /* LincRideAssessmentTests.xctest */;
			productType = "com.apple.product-type.bundle.unit-test";
		};
		30EF952B2E42840A00096122 /* LincRideAssessmentUITests */ = {
			isa = PBXNativeTarget;
			buildConfigurationList = 30EF953C2E42840A00096122 /* Build configuration list for PBXNativeTarget "LincRideAssessmentUITests" */;
			buildPhases = (
				30EF95282E42840A00096122 /* Sources */,
				30EF95292E42840A00096122 /* Frameworks */,
				30EF952A2E42840A00096122 /* Resources */,
			);
			buildRules = (
			);
			dependencies = (
				30EF952E2E42840A00096122 /* PBXTargetDependency */,
			);
			fileSystemSynchronizedGroups = (
				30EF952F2E42840A00096122 /* LincRideAssessmentUITests */,
			);
			name = LincRideAssessmentUITests;
			packageProductDependencies = (
			);
			productName = LincRideAssessmentUITests;
			productReference = 30EF952C2E42840A00096122 /* LincRideAssessmentUITests.xctest */;
			productType = "com.apple.product-type.bundle.ui-testing";
		};
/* End PBXNativeTarget section */

/* Begin PBXProject section */
		30EF950D2E42840800096122 /* Project object */ = {
			isa = PBXProject;
			attributes = {
				BuildIndependentTargetsInParallel = 1;
				LastSwiftUpdateCheck = 1640;
				LastUpgradeCheck = 1640;
				TargetAttributes = {
					30EF95142E42840800096122 = {
						CreatedOnToolsVersion = 16.4;
					};
					30EF95212E42840A00096122 = {
						CreatedOnToolsVersion = 16.4;
						TestTargetID = 30EF95142E42840800096122;
					};
					30EF952B2E42840A00096122 = {
						CreatedOnToolsVersion = 16.4;
						TestTargetID = 30EF95142E42840800096122;
					};
				};
			};
			buildConfigurationList = 30EF95102E42840800096122 /* Build configuration list for PBXProject "LincRideAssessment" */;
			developmentRegion = en;
			hasScannedForEncodings = 0;
			knownRegions = (
				en,
				Base,
			);
			mainGroup = 30EF950C2E42840800096122;
			minimizedProjectReferenceProxies = 1;
			packageReferences = (
				30D51FDF2E43B6DC00B8EDC4 /* XCRemoteSwiftPackageReference "realm-swift" */,
			);
			preferredProjectObjectVersion = 77;
			productRefGroup = 30EF95162E42840800096122 /* Products */;
			projectDirPath = "";
			projectRoot = "";
			targets = (
				30EF95142E42840800096122 /* LincRideAssessment */,
				30EF95212E42840A00096122 /* LincRideAssessmentTests */,
				30EF952B2E42840A00096122 /* LincRideAssessmentUITests */,
			);
		};
/* End PBXProject section */

/* Begin PBXResourcesBuildPhase section */
		30EF95132E42840800096122 /* Resources */ = {
			isa = PBXResourcesBuildPhase;
			buildActionMask = 2147483647;
			files = (
			);
			runOnlyForDeploymentPostprocessing = 0;
		};
		30EF95202E42840A00096122 /* Resources */ = {
			isa = PBXResourcesBuildPhase;
			buildActionMask = 2147483647;
			files = (
			);
			runOnlyForDeploymentPostprocessing = 0;
		};
		30EF952A2E42840A00096122 /* Resources */ = {
			isa = PBXResourcesBuildPhase;
			buildActionMask = 2147483647;
			files = (
			);
			runOnlyForDeploymentPostprocessing = 0;
		};
/* End PBXResourcesBuildPhase section */

/* Begin PBXSourcesBuildPhase section */
		30EF95112E42840800096122 /* Sources */ = {
			isa = PBXSourcesBuildPhase;
			buildActionMask = 2147483647;
			files = (
			);
			runOnlyForDeploymentPostprocessing = 0;
		};
		30EF951E2E42840A00096122 /* Sources */ = {
			isa = PBXSourcesBuildPhase;
			buildActionMask = 2147483647;
			files = (
			);
			runOnlyForDeploymentPostprocessing = 0;
		};
		30EF95282E42840A00096122 /* Sources */ = {
			isa = PBXSourcesBuildPhase;
			buildActionMask = 2147483647;
			files = (
			);
			runOnlyForDeploymentPostprocessing = 0;
		};
/* End PBXSourcesBuildPhase section */

/* Begin PBXTargetDependency section */
		30EF95242E42840A00096122 /* PBXTargetDependency */ = {
			isa = PBXTargetDependency;
			target = 30EF95142E42840800096122 /* LincRideAssessment */;
			targetProxy = 30EF95232E42840A00096122 /* PBXContainerItemProxy */;
		};
		30EF952E2E42840A00096122 /* PBXTargetDependency */ = {
			isa = PBXTargetDependency;
			target = 30EF95142E42840800096122 /* LincRideAssessment */;
			targetProxy = 30EF952D2E42840A00096122 /* PBXContainerItemProxy */;
		};
/* End PBXTargetDependency section */

/* Begin XCBuildConfiguration section */
		30EF95342E42840A00096122 /* Debug */ = {
			isa = XCBuildConfiguration;
			buildSettings = {
				ALWAYS_SEARCH_USER_PATHS = NO;
				ASSETCATALOG_COMPILER_GENERATE_SWIFT_ASSET_SYMBOL_EXTENSIONS = YES;
				CLANG_ANALYZER_NONNULL = YES;
				CLANG_ANALYZER_NUMBER_OBJECT_CONVERSION = YES_AGGRESSIVE;
				CLANG_CXX_LANGUAGE_STANDARD = "gnu++20";
				CLANG_ENABLE_MODULES = YES;
				CLANG_ENABLE_OBJC_ARC = YES;
				CLANG_ENABLE_OBJC_WEAK = YES;
				CLANG_WARN_BLOCK_CAPTURE_AUTORELEASING = YES;
				CLANG_WARN_BOOL_CONVERSION = YES;
				CLANG_WARN_COMMA = YES;
				CLANG_WARN_CONSTANT_CONVERSION = YES;
				CLANG_WARN_DEPRECATED_OBJC_IMPLEMENTATIONS = YES;
				CLANG_WARN_DIRECT_OBJC_ISA_USAGE = YES_ERROR;
				CLANG_WARN_DOCUMENTATION_COMMENTS = YES;
				CLANG_WARN_EMPTY_BODY = YES;
				CLANG_WARN_ENUM_CONVERSION = YES;
				CLANG_WARN_INFINITE_RECURSION = YES;
				CLANG_WARN_INT_CONVERSION = YES;
				CLANG_WARN_NON_LITERAL_NULL_CONVERSION = YES;
				CLANG_WARN_OBJC_IMPLICIT_RETAIN_SELF = YES;
				CLANG_WARN_OBJC_LITERAL_CONVERSION = YES;
				CLANG_WARN_OBJC_ROOT_CLASS = YES_ERROR;
				CLANG_WARN_QUOTED_INCLUDE_IN_FRAMEWORK_HEADER = YES;
				CLANG_WARN_RANGE_LOOP_ANALYSIS = YES;
				CLANG_WARN_STRICT_PROTOTYPES = YES;
				CLANG_WARN_SUSPICIOUS_MOVE = YES;
				CLANG_WARN_UNGUARDED_AVAILABILITY = YES_AGGRESSIVE;
				CLANG_WARN_UNREACHABLE_CODE = YES;
				CLANG_WARN__DUPLICATE_METHOD_MATCH = YES;
				COPY_PHASE_STRIP = NO;
				DEBUG_INFORMATION_FORMAT = dwarf;
				DEVELOPMENT_TEAM = RZ39YNCGSX;
				ENABLE_STRICT_OBJC_MSGSEND = YES;
				ENABLE_TESTABILITY = YES;
				ENABLE_USER_SCRIPT_SANDBOXING = YES;
				GCC_C_LANGUAGE_STANDARD = gnu17;
				GCC_DYNAMIC_NO_PIC = NO;
				GCC_NO_COMMON_BLOCKS = YES;
				GCC_OPTIMIZATION_LEVEL = 0;
				GCC_PREPROCESSOR_DEFINITIONS = (
					"DEBUG=1",
					"$(inherited)",
				);
				GCC_WARN_64_TO_32_BIT_CONVERSION = YES;
				GCC_WARN_ABOUT_RETURN_TYPE = YES_ERROR;
				GCC_WARN_UNDECLARED_SELECTOR = YES;
				GCC_WARN_UNINITIALIZED_AUTOS = YES_AGGRESSIVE;
				GCC_WARN_UNUSED_FUNCTION = YES;
				GCC_WARN_UNUSED_VARIABLE = YES;
				IPHONEOS_DEPLOYMENT_TARGET = 18.5;
				LOCALIZATION_PREFERS_STRING_CATALOGS = YES;
				MTL_ENABLE_DEBUG_INFO = INCLUDE_SOURCE;
				MTL_FAST_MATH = YES;
				ONLY_ACTIVE_ARCH = YES;
				SDKROOT = iphoneos;
				SWIFT_ACTIVE_COMPILATION_CONDITIONS = "DEBUG $(inherited)";
				SWIFT_OPTIMIZATION_LEVEL = "-Onone";
			};
			name = Debug;
		};
		30EF95352E42840A00096122 /* Release */ = {
			isa = XCBuildConfiguration;
			buildSettings = {
				ALWAYS_SEARCH_USER_PATHS = NO;
				ASSETCATALOG_COMPILER_GENERATE_SWIFT_ASSET_SYMBOL_EXTENSIONS = YES;
				CLANG_ANALYZER_NONNULL = YES;
				CLANG_ANALYZER_NUMBER_OBJECT_CONVERSION = YES_AGGRESSIVE;
				CLANG_CXX_LANGUAGE_STANDARD = "gnu++20";
				CLANG_ENABLE_MODULES = YES;
				CLANG_ENABLE_OBJC_ARC = YES;
				CLANG_ENABLE_OBJC_WEAK = YES;
				CLANG_WARN_BLOCK_CAPTURE_AUTORELEASING = YES;
				CLANG_WARN_BOOL_CONVERSION = YES;
				CLANG_WARN_COMMA = YES;
				CLANG_WARN_CONSTANT_CONVERSION = YES;
				CLANG_WARN_DEPRECATED_OBJC_IMPLEMENTATIONS = YES;
				CLANG_WARN_DIRECT_OBJC_ISA_USAGE = YES_ERROR;
				CLANG_WARN_DOCUMENTATION_COMMENTS = YES;
				CLANG_WARN_EMPTY_BODY = YES;
				CLANG_WARN_ENUM_CONVERSION = YES;
				CLANG_WARN_INFINITE_RECURSION = YES;
				CLANG_WARN_INT_CONVERSION = YES;
				CLANG_WARN_NON_LITERAL_NULL_CONVERSION = YES;
				CLANG_WARN_OBJC_IMPLICIT_RETAIN_SELF = YES;
				CLANG_WARN_OBJC_LITERAL_CONVERSION = YES;
				CLANG_WARN_OBJC_ROOT_CLASS = YES_ERROR;
				CLANG_WARN_QUOTED_INCLUDE_IN_FRAMEWORK_HEADER = YES;
				CLANG_WARN_RANGE_LOOP_ANALYSIS = YES;
				CLANG_WARN_STRICT_PROTOTYPES = YES;
				CLANG_WARN_SUSPICIOUS_MOVE = YES;
				CLANG_WARN_UNGUARDED_AVAILABILITY = YES_AGGRESSIVE;
				CLANG_WARN_UNREACHABLE_CODE = YES;
				CLANG_WARN__DUPLICATE_METHOD_MATCH = YES;
				COPY_PHASE_STRIP = NO;
				DEBUG_INFORMATION_FORMAT = "dwarf-with-dsym";
				DEVELOPMENT_TEAM = RZ39YNCGSX;
				ENABLE_NS_ASSERTIONS = NO;
				ENABLE_STRICT_OBJC_MSGSEND = YES;
				ENABLE_USER_SCRIPT_SANDBOXING = YES;
				GCC_C_LANGUAGE_STANDARD = gnu17;
				GCC_NO_COMMON_BLOCKS = YES;
				GCC_WARN_64_TO_32_BIT_CONVERSION = YES;
				GCC_WARN_ABOUT_RETURN_TYPE = YES_ERROR;
				GCC_WARN_UNDECLARED_SELECTOR = YES;
				GCC_WARN_UNINITIALIZED_AUTOS = YES_AGGRESSIVE;
				GCC_WARN_UNUSED_FUNCTION = YES;
				GCC_WARN_UNUSED_VARIABLE = YES;
				IPHONEOS_DEPLOYMENT_TARGET = 18.5;
				LOCALIZATION_PREFERS_STRING_CATALOGS = YES;
				MTL_ENABLE_DEBUG_INFO = NO;
				MTL_FAST_MATH = YES;
				SDKROOT = iphoneos;
				SWIFT_COMPILATION_MODE = wholemodule;
				VALIDATE_PRODUCT = YES;
			};
			name = Release;
		};
		30EF95372E42840A00096122 /* Debug */ = {
			isa = XCBuildConfiguration;
			buildSettings = {
				ASSETCATALOG_COMPILER_APPICON_NAME = AppIcon;
				ASSETCATALOG_COMPILER_GLOBAL_ACCENT_COLOR_NAME = AccentColor;
				CODE_SIGN_STYLE = Automatic;
				CURRENT_PROJECT_VERSION = 1;
				DEVELOPMENT_TEAM = RZ39YNCGSX;
				ENABLE_PREVIEWS = YES;
				GENERATE_INFOPLIST_FILE = YES;
				INFOPLIST_FILE = LincRideAssessment/Info.plist;
				INFOPLIST_KEY_NSLocationAlwaysAndWhenInUseUsageDescription = "We need your location for better location tracking.";
				INFOPLIST_KEY_UIApplicationSceneManifest_Generation = YES;
				INFOPLIST_KEY_UIApplicationSupportsIndirectInputEvents = YES;
				INFOPLIST_KEY_UILaunchScreen_Generation = YES;
				INFOPLIST_KEY_UISupportedInterfaceOrientations_iPad = "UIInterfaceOrientationPortrait UIInterfaceOrientationPortraitUpsideDown UIInterfaceOrientationLandscapeLeft UIInterfaceOrientationLandscapeRight";
				INFOPLIST_KEY_UISupportedInterfaceOrientations_iPhone = "UIInterfaceOrientationPortrait UIInterfaceOrientationLandscapeLeft UIInterfaceOrientationLandscapeRight";
				LD_RUNPATH_SEARCH_PATHS = (
					"$(inherited)",
					"@executable_path/Frameworks",
				);
				MARKETING_VERSION = 1.0;
				PRODUCT_BUNDLE_IDENTIFIER = Michael.LincRideAssessment;
				PRODUCT_NAME = "$(TARGET_NAME)";
				SWIFT_EMIT_LOC_STRINGS = YES;
				SWIFT_VERSION = 5.0;
				TARGETED_DEVICE_FAMILY = "1,2";
			};
			name = Debug;
		};
		30EF95382E42840A00096122 /* Release */ = {
			isa = XCBuildConfiguration;
			buildSettings = {
				ASSETCATALOG_COMPILER_APPICON_NAME = AppIcon;
				ASSETCATALOG_COMPILER_GLOBAL_ACCENT_COLOR_NAME = AccentColor;
				CODE_SIGN_STYLE = Automatic;
				CURRENT_PROJECT_VERSION = 1;
				DEVELOPMENT_TEAM = RZ39YNCGSX;
				ENABLE_PREVIEWS = YES;
				GENERATE_INFOPLIST_FILE = YES;
				INFOPLIST_FILE = LincRideAssessment/Info.plist;
				INFOPLIST_KEY_NSLocationAlwaysAndWhenInUseUsageDescription = "We need your location for better location tracking.";
				INFOPLIST_KEY_UIApplicationSceneManifest_Generation = YES;
				INFOPLIST_KEY_UIApplicationSupportsIndirectInputEvents = YES;
				INFOPLIST_KEY_UILaunchScreen_Generation = YES;
				INFOPLIST_KEY_UISupportedInterfaceOrientations_iPad = "UIInterfaceOrientationPortrait UIInterfaceOrientationPortraitUpsideDown UIInterfaceOrientationLandscapeLeft UIInterfaceOrientationLandscapeRight";
				INFOPLIST_KEY_UISupportedInterfaceOrientations_iPhone = "UIInterfaceOrientationPortrait UIInterfaceOrientationLandscapeLeft UIInterfaceOrientationLandscapeRight";
				LD_RUNPATH_SEARCH_PATHS = (
					"$(inherited)",
					"@executable_path/Frameworks",
				);
				MARKETING_VERSION = 1.0;
				PRODUCT_BUNDLE_IDENTIFIER = Michael.LincRideAssessment;
				PRODUCT_NAME = "$(TARGET_NAME)";
				SWIFT_EMIT_LOC_STRINGS = YES;
				SWIFT_VERSION = 5.0;
				TARGETED_DEVICE_FAMILY = "1,2";
			};
			name = Release;
		};
		30EF953A2E42840A00096122 /* Debug */ = {
			isa = XCBuildConfiguration;
			buildSettings = {
				BUNDLE_LOADER = "$(TEST_HOST)";
				CODE_SIGN_STYLE = Automatic;
				CURRENT_PROJECT_VERSION = 1;
				DEVELOPMENT_TEAM = RZ39YNCGSX;
				GENERATE_INFOPLIST_FILE = YES;
				IPHONEOS_DEPLOYMENT_TARGET = 18.5;
				MARKETING_VERSION = 1.0;
				PRODUCT_BUNDLE_IDENTIFIER = Michael.LincRideAssessmentTests;
				PRODUCT_NAME = "$(TARGET_NAME)";
				SWIFT_EMIT_LOC_STRINGS = NO;
				SWIFT_VERSION = 5.0;
				TARGETED_DEVICE_FAMILY = "1,2";
				TEST_HOST = "$(BUILT_PRODUCTS_DIR)/LincRideAssessment.app/$(BUNDLE_EXECUTABLE_FOLDER_PATH)/LincRideAssessment";
			};
			name = Debug;
		};
		30EF953B2E42840A00096122 /* Release */ = {
			isa = XCBuildConfiguration;
			buildSettings = {
				BUNDLE_LOADER = "$(TEST_HOST)";
				CODE_SIGN_STYLE = Automatic;
				CURRENT_PROJECT_VERSION = 1;
				DEVELOPMENT_TEAM = RZ39YNCGSX;
				GENERATE_INFOPLIST_FILE = YES;
				IPHONEOS_DEPLOYMENT_TARGET = 18.5;
				MARKETING_VERSION = 1.0;
				PRODUCT_BUNDLE_IDENTIFIER = Michael.LincRideAssessmentTests;
				PRODUCT_NAME = "$(TARGET_NAME)";
				SWIFT_EMIT_LOC_STRINGS = NO;
				SWIFT_VERSION = 5.0;
				TARGETED_DEVICE_FAMILY = "1,2";
				TEST_HOST = "$(BUILT_PRODUCTS_DIR)/LincRideAssessment.app/$(BUNDLE_EXECUTABLE_FOLDER_PATH)/LincRideAssessment";
			};
			name = Release;
		};
		30EF953D2E42840A00096122 /* Debug */ = {
			isa = XCBuildConfiguration;
			buildSettings = {
				CODE_SIGN_STYLE = Automatic;
				CURRENT_PROJECT_VERSION = 1;
				DEVELOPMENT_TEAM = RZ39YNCGSX;
				GENERATE_INFOPLIST_FILE = YES;
				MARKETING_VERSION = 1.0;
				PRODUCT_BUNDLE_IDENTIFIER = Michael.LincRideAssessmentUITests;
				PRODUCT_NAME = "$(TARGET_NAME)";
				SWIFT_EMIT_LOC_STRINGS = NO;
				SWIFT_VERSION = 5.0;
				TARGETED_DEVICE_FAMILY = "1,2";
				TEST_TARGET_NAME = LincRideAssessment;
			};
			name = Debug;
		};
		30EF953E2E42840A00096122 /* Release */ = {
			isa = XCBuildConfiguration;
			buildSettings = {
				CODE_SIGN_STYLE = Automatic;
				CURRENT_PROJECT_VERSION = 1;
				DEVELOPMENT_TEAM = RZ39YNCGSX;
				GENERATE_INFOPLIST_FILE = YES;
				MARKETING_VERSION = 1.0;
				PRODUCT_BUNDLE_IDENTIFIER = Michael.LincRideAssessmentUITests;
				PRODUCT_NAME = "$(TARGET_NAME)";
				SWIFT_EMIT_LOC_STRINGS = NO;
				SWIFT_VERSION = 5.0;
				TARGETED_DEVICE_FAMILY = "1,2";
				TEST_TARGET_NAME = LincRideAssessment;
			};
			name = Release;
		};
/* End XCBuildConfiguration section */

/* Begin XCConfigurationList section */
		30EF95102E42840800096122 /* Build configuration list for PBXProject "LincRideAssessment" */ = {
			isa = XCConfigurationList;
			buildConfigurations = (
				30EF95342E42840A00096122 /* Debug */,
				30EF95352E42840A00096122 /* Release */,
			);
			defaultConfigurationIsVisible = 0;
			defaultConfigurationName = Release;
		};
		30EF95362E42840A00096122 /* Build configuration list for PBXNativeTarget "LincRideAssessment" */ = {
			isa = XCConfigurationList;
			buildConfigurations = (
				30EF95372E42840A00096122 /* Debug */,
				30EF95382E42840A00096122 /* Release */,
			);
			defaultConfigurationIsVisible = 0;
			defaultConfigurationName = Release;
		};
		30EF95392E42840A00096122 /* Build configuration list for PBXNativeTarget "LincRideAssessmentTests" */ = {
			isa = XCConfigurationList;
			buildConfigurations = (
				30EF953A2E42840A00096122 /* Debug */,
				30EF953B2E42840A00096122 /* Release */,
			);
			defaultConfigurationIsVisible = 0;
			defaultConfigurationName = Release;
		};
		30EF953C2E42840A00096122 /* Build configuration list for PBXNativeTarget "LincRideAssessmentUITests" */ = {
			isa = XCConfigurationList;
			buildConfigurations = (
				30EF953D2E42840A00096122 /* Debug */,
				30EF953E2E42840A00096122 /* Release */,
			);
			defaultConfigurationIsVisible = 0;
			defaultConfigurationName = Release;
		};
/* End XCConfigurationList section */

/* Begin XCRemoteSwiftPackageReference section */
		30D51FDF2E43B6DC00B8EDC4 /* XCRemoteSwiftPackageReference "realm-swift" */ = {
			isa = XCRemoteSwiftPackageReference;
			repositoryURL = "https://github.com/realm/realm-swift.git";
			requirement = {
				branch = master;
				kind = branch;
			};
		};
/* End XCRemoteSwiftPackageReference section */

/* Begin XCSwiftPackageProductDependency section */
		30D51FE22E43C32600B8EDC4 /* RealmSwift */ = {
			isa = XCSwiftPackageProductDependency;
			package = 30D51FDF2E43B6DC00B8EDC4 /* XCRemoteSwiftPackageReference "realm-swift" */;
			productName = RealmSwift;
		};
/* End XCSwiftPackageProductDependency section */
	};
	rootObject = 30EF950D2E42840800096122 /* Project object */;
}
